
Microsoft Visual Studio Solution File, Format Version 12.00
# Visual Studio Version 17
VisualStudioVersion = 17.7.34031.279
MinimumVisualStudioVersion = 10.0.40219.1
Project("{FAE04EC0-301F-11D3-BF4B-00C04F79EFBC}") = "products", "products\products.csproj", "{DE5C242F-4838-4FCA-99F8-E2B90CEEDD74}"
EndProject
Global
	GlobalSection(SolutionConfigurationPlatforms) = preSolution
		Debug|Any CPU = Debug|Any CPU
		Release|Any CPU = Release|Any CPU
	EndGlobalSection
	GlobalSection(ProjectConfigurationPlatforms) = postSolution
		{DE5C242F-4838-4FCA-99F8-E2B90CEEDD74}.Debug|Any CPU.ActiveCfg = Debug|Any CPU
		{DE5C242F-4838-4FCA-99F8-E2B90CEEDD74}.Debug|Any CPU.Build.0 = Debug|Any CPU
		{DE5C242F-4838-4FCA-99F8-E2B90CEEDD74}.Release|Any CPU.ActiveCfg = Release|Any CPU
		{DE5C242F-4838-4FCA-99F8-E2B90CEEDD74}.Release|Any CPU.Build.0 = Release|Any CPU
	EndGlobalSection
	GlobalSection(SolutionProperties) = preSolution
		HideSolutionNode = FALSE
	EndGlobalSection
	GlobalSection(ExtensibilityGlobals) = postSolution
		SolutionGuid = {ADC04698-D428-412A-887B-4959B4B34E75}
	EndGlobalSection
EndGlobal
