
Microsoft Visual Studio Solution File, Format Version 12.00
# Visual Studio Version 17
VisualStudioVersion = 17.7.34221.43
MinimumVisualStudioVersion = 10.0.40219.1
Project("{FAE04EC0-301F-11D3-BF4B-00C04F79EFBC}") = "vehicle", "vehicle\vehicle.csproj", "{F3CF06D2-B349-4776-86C4-29F9A784F525}"
EndProject
Global
	GlobalSection(SolutionConfigurationPlatforms) = preSolution
		Debug|Any CPU = Debug|Any CPU
		Release|Any CPU = Release|Any CPU
	EndGlobalSection
	GlobalSection(ProjectConfigurationPlatforms) = postSolution
		{F3CF06D2-B349-4776-86C4-29F9A784F525}.Debug|Any CPU.ActiveCfg = Debug|Any CPU
		{F3CF06D2-B349-4776-86C4-29F9A784F525}.Debug|Any CPU.Build.0 = Debug|Any CPU
		{F3CF06D2-B349-4776-86C4-29F9A784F525}.Release|Any CPU.ActiveCfg = Release|Any CPU
		{F3CF06D2-B349-4776-86C4-29F9A784F525}.Release|Any CPU.Build.0 = Release|Any CPU
	EndGlobalSection
	GlobalSection(SolutionProperties) = preSolution
		HideSolutionNode = FALSE
	EndGlobalSection
	GlobalSection(ExtensibilityGlobals) = postSolution
		SolutionGuid = {840D80FE-B1C2-4157-94F7-E41AA166ACF7}
	EndGlobalSection
EndGlobal
