
Microsoft Visual Studio Solution File, Format Version 12.00
# Visual Studio Version 17
VisualStudioVersion = 17.7.34031.279
MinimumVisualStudioVersion = 10.0.40219.1
Project("{FAE04EC0-301F-11D3-BF4B-00C04F79EFBC}") = "november4_task", "november4_task\november4_task.csproj", "{83790456-E57F-46BE-BFDC-39F937E77F75}"
EndProject
Global
	GlobalSection(SolutionConfigurationPlatforms) = preSolution
		Debug|Any CPU = Debug|Any CPU
		Release|Any CPU = Release|Any CPU
	EndGlobalSection
	GlobalSection(ProjectConfigurationPlatforms) = postSolution
		{83790456-E57F-46BE-BFDC-39F937E77F75}.Debug|Any CPU.ActiveCfg = Debug|Any CPU
		{83790456-E57F-46BE-BFDC-39F937E77F75}.Debug|Any CPU.Build.0 = Debug|Any CPU
		{83790456-E57F-46BE-BFDC-39F937E77F75}.Release|Any CPU.ActiveCfg = Release|Any CPU
		{83790456-E57F-46BE-BFDC-39F937E77F75}.Release|Any CPU.Build.0 = Release|Any CPU
	EndGlobalSection
	GlobalSection(SolutionProperties) = preSolution
		HideSolutionNode = FALSE
	EndGlobalSection
	GlobalSection(ExtensibilityGlobals) = postSolution
		SolutionGuid = {475EC83A-4D61-47C1-B0EB-02C55A15E485}
	EndGlobalSection
EndGlobal
