
Microsoft Visual Studio Solution File, Format Version 12.00
# Visual Studio Version 17
VisualStudioVersion = 17.7.34031.279
MinimumVisualStudioVersion = 10.0.40219.1
Project("{FAE04EC0-301F-11D3-BF4B-00C04F79EFBC}") = "custom_contains", "custom_contains\custom_contains.csproj", "{4CA91464-9D2D-4BFD-BA81-74621182CFAF}"
EndProject
Global
	GlobalSection(SolutionConfigurationPlatforms) = preSolution
		Debug|Any CPU = Debug|Any CPU
		Release|Any CPU = Release|Any CPU
	EndGlobalSection
	GlobalSection(ProjectConfigurationPlatforms) = postSolution
		{4CA91464-9D2D-4BFD-BA81-74621182CFAF}.Debug|Any CPU.ActiveCfg = Debug|Any CPU
		{4CA91464-9D2D-4BFD-BA81-74621182CFAF}.Debug|Any CPU.Build.0 = Debug|Any CPU
		{4CA91464-9D2D-4BFD-BA81-74621182CFAF}.Release|Any CPU.ActiveCfg = Release|Any CPU
		{4CA91464-9D2D-4BFD-BA81-74621182CFAF}.Release|Any CPU.Build.0 = Release|Any CPU
	EndGlobalSection
	GlobalSection(SolutionProperties) = preSolution
		HideSolutionNode = FALSE
	EndGlobalSection
	GlobalSection(ExtensibilityGlobals) = postSolution
		SolutionGuid = {91777772-CE75-4C73-AEFC-56DC26326B8D}
	EndGlobalSection
EndGlobal
